
Microsoft Visual Studio Solution File, Format Version 12.00
# Visual Studio Version 16
VisualStudioVersion = 16.0.31205.134
MinimumVisualStudioVersion = 10.0.40219.1
Project("{9A19103F-16F7-4668-BE54-9A1E7A4F7556}") = "BlazorUI.Server", "BlazorUI\Server\BlazorUI.Server.csproj", "{7AC74725-6F8B-4585-B8D6-BC9FDB05549C}"
EndProject
Project("{9A19103F-16F7-4668-BE54-9A1E7A4F7556}") = "BlazorUI.Client", "BlazorUI\Client\BlazorUI.Client.csproj", "{67481691-EF4A-408D-BA4D-09CFB7C0021E}"
EndProject
Project("{9A19103F-16F7-4668-BE54-9A1E7A4F7556}") = "BlazorUI.Shared", "BlazorUI\Shared\BlazorUI.Shared.csproj", "{275121CC-ECA8-4854-8DD3-450E774E4D53}"
EndProject
Global
	GlobalSection(SolutionConfigurationPlatforms) = preSolution
		Debug|Any CPU = Debug|Any CPU
		Release|Any CPU = Release|Any CPU
	EndGlobalSection
	GlobalSection(ProjectConfigurationPlatforms) = postSolution
		{7AC74725-6F8B-4585-B8D6-BC9FDB05549C}.Debug|Any CPU.ActiveCfg = Debug|Any CPU
		{7AC74725-6F8B-4585-B8D6-BC9FDB05549C}.Debug|Any CPU.Build.0 = Debug|Any CPU
		{7AC74725-6F8B-4585-B8D6-BC9FDB05549C}.Release|Any CPU.ActiveCfg = Release|Any CPU
		{7AC74725-6F8B-4585-B8D6-BC9FDB05549C}.Release|Any CPU.Build.0 = Release|Any CPU
		{67481691-EF4A-408D-BA4D-09CFB7C0021E}.Debug|Any CPU.ActiveCfg = Debug|Any CPU
		{67481691-EF4A-408D-BA4D-09CFB7C0021E}.Debug|Any CPU.Build.0 = Debug|Any CPU
		{67481691-EF4A-408D-BA4D-09CFB7C0021E}.Release|Any CPU.ActiveCfg = Release|Any CPU
		{67481691-EF4A-408D-BA4D-09CFB7C0021E}.Release|Any CPU.Build.0 = Release|Any CPU
		{275121CC-ECA8-4854-8DD3-450E774E4D53}.Debug|Any CPU.ActiveCfg = Debug|Any CPU
		{275121CC-ECA8-4854-8DD3-450E774E4D53}.Debug|Any CPU.Build.0 = Debug|Any CPU
		{275121CC-ECA8-4854-8DD3-450E774E4D53}.Release|Any CPU.ActiveCfg = Release|Any CPU
		{275121CC-ECA8-4854-8DD3-450E774E4D53}.Release|Any CPU.Build.0 = Release|Any CPU
	EndGlobalSection
	GlobalSection(SolutionProperties) = preSolution
		HideSolutionNode = FALSE
	EndGlobalSection
	GlobalSection(ExtensibilityGlobals) = postSolution
		SolutionGuid = {355DD395-1B5F-4CD2-B37D-A2B79A7983B2}
	EndGlobalSection
EndGlobal
